
Microsoft Visual Studio Solution File, Format Version 12.00
Project("{FAE04EC0-301F-11D3-BF4B-00C04F79EFBC}") = "CryptographyLib", "CryptographyLib\CryptographyLib.csproj", "{F3F9DC33-939F-4D08-98A6-E9C0270C2332}"
EndProject
Project("{FAE04EC0-301F-11D3-BF4B-00C04F79EFBC}") = "CryptographyLib.Tests", "CryptographyLib.Tests\CryptographyLib.Tests.csproj", "{FB65CCB4-2755-4F28-8EF3-6FBBB6A699D8}"
EndProject
Project("{FAE04EC0-301F-11D3-BF4B-00C04F79EFBC}") = "CryptoServer", "CryptoServer\CryptoServer.csproj", "{463D4EA8-8B9C-4AAF-B6E4-4520F6F3D8E1}"
EndProject
Project("{FAE04EC0-301F-11D3-BF4B-00C04F79EFBC}") = "CryptoDesktop", "CryptoDesktop\CryptoDesktop.csproj", "{21F71C90-8B65-4DDB-A5E5-8371C06F1DB2}"
EndProject
Project("{FAE04EC0-301F-11D3-BF4B-00C04F79EFBC}") = "CryptoDesktop.gRPC", "CryptoDesktop.gRPC\CryptoDesktop.gRPC.csproj", "{1D249F91-EC90-47E4-9F86-A9BF165192BD}"
EndProject
Project("{FAE04EC0-301F-11D3-BF4B-00C04F79EFBC}") = "NumberTheory", "NumberTheory\NumberTheory.csproj", "{567867B5-9296-4D08-82B9-4198D865967E}"
EndProject
Project("{2150E333-8FDC-42A3-9474-1A3956D46DE8}") = "CryptoClient", "CryptoClient", "{2E77C806-7A58-47EE-AD23-C8062B51D3B1}"
EndProject
Project("{2150E333-8FDC-42A3-9474-1A3956D46DE8}") = "Domain", "Domain", "{48A11EF0-0CA3-46C4-BD1A-AF12C962F72B}"
EndProject
Project("{2150E333-8FDC-42A3-9474-1A3956D46DE8}") = "Server", "Server", "{BF4C331D-9D12-4182-B447-AF7CEB80DA45}"
EndProject
Project("{2150E333-8FDC-42A3-9474-1A3956D46DE8}") = "Domain.Infrastructure", "Domain.Infrastructure", "{9F522402-45CA-4B2C-8DB7-9DC708BD2702}"
EndProject
Project("{FAE04EC0-301F-11D3-BF4B-00C04F79EFBC}") = "Crypto.Domain", "Crypto.Domain\Crypto.Domain.csproj", "{4552E2A2-4746-4FEA-BFCE-DA6C985CA90B}"
EndProject
Project("{FAE04EC0-301F-11D3-BF4B-00C04F79EFBC}") = "Crypto.DAL", "Crypto.DAL\Crypto.DAL.csproj", "{EF9E92BE-68D6-44D7-A4E3-933B835D48B8}"
EndProject
Project("{FAE04EC0-301F-11D3-BF4B-00C04F79EFBC}") = "Crypto.Caching", "Crypto.Caching\Crypto.Caching.csproj", "{FB215914-6DF3-4083-B600-312E5FCA6CEC}"
EndProject
Project("{FAE04EC0-301F-11D3-BF4B-00C04F79EFBC}") = "Crypto.Infrastructure", "Crypto.Infrastructure\Crypto.Infrastructure.csproj", "{E33091AF-3C50-43D5-BFAB-BADAE1AA9B2C}"
EndProject
Project("{FAE04EC0-301F-11D3-BF4B-00C04F79EFBC}") = "NumberTheory.Tests", "NumberTheory.Tests\NumberTheory.Tests.csproj", "{0CF86040-9745-4281-B955-6D9A3232FAE5}"
EndProject
Global
	GlobalSection(SolutionConfigurationPlatforms) = preSolution
		Debug|Any CPU = Debug|Any CPU
		Release|Any CPU = Release|Any CPU
	EndGlobalSection
	GlobalSection(ProjectConfigurationPlatforms) = postSolution
		{F3F9DC33-939F-4D08-98A6-E9C0270C2332}.Debug|Any CPU.ActiveCfg = Debug|Any CPU
		{F3F9DC33-939F-4D08-98A6-E9C0270C2332}.Debug|Any CPU.Build.0 = Debug|Any CPU
		{F3F9DC33-939F-4D08-98A6-E9C0270C2332}.Release|Any CPU.ActiveCfg = Release|Any CPU
		{F3F9DC33-939F-4D08-98A6-E9C0270C2332}.Release|Any CPU.Build.0 = Release|Any CPU
		{FB65CCB4-2755-4F28-8EF3-6FBBB6A699D8}.Debug|Any CPU.ActiveCfg = Debug|Any CPU
		{FB65CCB4-2755-4F28-8EF3-6FBBB6A699D8}.Debug|Any CPU.Build.0 = Debug|Any CPU
		{FB65CCB4-2755-4F28-8EF3-6FBBB6A699D8}.Release|Any CPU.ActiveCfg = Release|Any CPU
		{FB65CCB4-2755-4F28-8EF3-6FBBB6A699D8}.Release|Any CPU.Build.0 = Release|Any CPU
		{463D4EA8-8B9C-4AAF-B6E4-4520F6F3D8E1}.Debug|Any CPU.ActiveCfg = Debug|Any CPU
		{463D4EA8-8B9C-4AAF-B6E4-4520F6F3D8E1}.Debug|Any CPU.Build.0 = Debug|Any CPU
		{463D4EA8-8B9C-4AAF-B6E4-4520F6F3D8E1}.Release|Any CPU.ActiveCfg = Release|Any CPU
		{463D4EA8-8B9C-4AAF-B6E4-4520F6F3D8E1}.Release|Any CPU.Build.0 = Release|Any CPU
		{21F71C90-8B65-4DDB-A5E5-8371C06F1DB2}.Debug|Any CPU.ActiveCfg = Debug|Any CPU
		{21F71C90-8B65-4DDB-A5E5-8371C06F1DB2}.Debug|Any CPU.Build.0 = Debug|Any CPU
		{21F71C90-8B65-4DDB-A5E5-8371C06F1DB2}.Release|Any CPU.ActiveCfg = Release|Any CPU
		{21F71C90-8B65-4DDB-A5E5-8371C06F1DB2}.Release|Any CPU.Build.0 = Release|Any CPU
		{1D249F91-EC90-47E4-9F86-A9BF165192BD}.Debug|Any CPU.ActiveCfg = Debug|Any CPU
		{1D249F91-EC90-47E4-9F86-A9BF165192BD}.Debug|Any CPU.Build.0 = Debug|Any CPU
		{1D249F91-EC90-47E4-9F86-A9BF165192BD}.Release|Any CPU.ActiveCfg = Release|Any CPU
		{1D249F91-EC90-47E4-9F86-A9BF165192BD}.Release|Any CPU.Build.0 = Release|Any CPU
		{567867B5-9296-4D08-82B9-4198D865967E}.Debug|Any CPU.ActiveCfg = Debug|Any CPU
		{567867B5-9296-4D08-82B9-4198D865967E}.Debug|Any CPU.Build.0 = Debug|Any CPU
		{567867B5-9296-4D08-82B9-4198D865967E}.Release|Any CPU.ActiveCfg = Release|Any CPU
		{567867B5-9296-4D08-82B9-4198D865967E}.Release|Any CPU.Build.0 = Release|Any CPU
		{4552E2A2-4746-4FEA-BFCE-DA6C985CA90B}.Debug|Any CPU.ActiveCfg = Debug|Any CPU
		{4552E2A2-4746-4FEA-BFCE-DA6C985CA90B}.Debug|Any CPU.Build.0 = Debug|Any CPU
		{4552E2A2-4746-4FEA-BFCE-DA6C985CA90B}.Release|Any CPU.ActiveCfg = Release|Any CPU
		{4552E2A2-4746-4FEA-BFCE-DA6C985CA90B}.Release|Any CPU.Build.0 = Release|Any CPU
		{EF9E92BE-68D6-44D7-A4E3-933B835D48B8}.Debug|Any CPU.ActiveCfg = Debug|Any CPU
		{EF9E92BE-68D6-44D7-A4E3-933B835D48B8}.Debug|Any CPU.Build.0 = Debug|Any CPU
		{EF9E92BE-68D6-44D7-A4E3-933B835D48B8}.Release|Any CPU.ActiveCfg = Release|Any CPU
		{EF9E92BE-68D6-44D7-A4E3-933B835D48B8}.Release|Any CPU.Build.0 = Release|Any CPU
		{FB215914-6DF3-4083-B600-312E5FCA6CEC}.Debug|Any CPU.ActiveCfg = Debug|Any CPU
		{FB215914-6DF3-4083-B600-312E5FCA6CEC}.Debug|Any CPU.Build.0 = Debug|Any CPU
		{FB215914-6DF3-4083-B600-312E5FCA6CEC}.Release|Any CPU.ActiveCfg = Release|Any CPU
		{FB215914-6DF3-4083-B600-312E5FCA6CEC}.Release|Any CPU.Build.0 = Release|Any CPU
		{E33091AF-3C50-43D5-BFAB-BADAE1AA9B2C}.Debug|Any CPU.ActiveCfg = Debug|Any CPU
		{E33091AF-3C50-43D5-BFAB-BADAE1AA9B2C}.Debug|Any CPU.Build.0 = Debug|Any CPU
		{E33091AF-3C50-43D5-BFAB-BADAE1AA9B2C}.Release|Any CPU.ActiveCfg = Release|Any CPU
		{E33091AF-3C50-43D5-BFAB-BADAE1AA9B2C}.Release|Any CPU.Build.0 = Release|Any CPU
		{0CF86040-9745-4281-B955-6D9A3232FAE5}.Debug|Any CPU.ActiveCfg = Debug|Any CPU
		{0CF86040-9745-4281-B955-6D9A3232FAE5}.Debug|Any CPU.Build.0 = Debug|Any CPU
		{0CF86040-9745-4281-B955-6D9A3232FAE5}.Release|Any CPU.ActiveCfg = Release|Any CPU
		{0CF86040-9745-4281-B955-6D9A3232FAE5}.Release|Any CPU.Build.0 = Release|Any CPU
	EndGlobalSection
	GlobalSection(NestedProjects) = preSolution
		{1D249F91-EC90-47E4-9F86-A9BF165192BD} = {2E77C806-7A58-47EE-AD23-C8062B51D3B1}
		{21F71C90-8B65-4DDB-A5E5-8371C06F1DB2} = {2E77C806-7A58-47EE-AD23-C8062B51D3B1}
		{F3F9DC33-939F-4D08-98A6-E9C0270C2332} = {48A11EF0-0CA3-46C4-BD1A-AF12C962F72B}
		{567867B5-9296-4D08-82B9-4198D865967E} = {48A11EF0-0CA3-46C4-BD1A-AF12C962F72B}
		{463D4EA8-8B9C-4AAF-B6E4-4520F6F3D8E1} = {BF4C331D-9D12-4182-B447-AF7CEB80DA45}
		{FB65CCB4-2755-4F28-8EF3-6FBBB6A699D8} = {48A11EF0-0CA3-46C4-BD1A-AF12C962F72B}
		{4552E2A2-4746-4FEA-BFCE-DA6C985CA90B} = {9F522402-45CA-4B2C-8DB7-9DC708BD2702}
		{EF9E92BE-68D6-44D7-A4E3-933B835D48B8} = {9F522402-45CA-4B2C-8DB7-9DC708BD2702}
		{E33091AF-3C50-43D5-BFAB-BADAE1AA9B2C} = {9F522402-45CA-4B2C-8DB7-9DC708BD2702}
		{0CF86040-9745-4281-B955-6D9A3232FAE5} = {48A11EF0-0CA3-46C4-BD1A-AF12C962F72B}
		{FB215914-6DF3-4083-B600-312E5FCA6CEC} = {9F522402-45CA-4B2C-8DB7-9DC708BD2702}
	EndGlobalSection
EndGlobal
