
Microsoft Visual Studio Solution File, Format Version 12.00
Project("{FAE04EC0-301F-11D3-BF4B-00C04F79EFBC}") = "CryptographyLib", "CryptographyLib\CryptographyLib.csproj", "{F3F9DC33-939F-4D08-98A6-E9C0270C2332}"
EndProject
Project("{FAE04EC0-301F-11D3-BF4B-00C04F79EFBC}") = "CryptoTest", "CryptoTest\CryptoTest.csproj", "{FB65CCB4-2755-4F28-8EF3-6FBBB6A699D8}"
EndProject
Project("{FAE04EC0-301F-11D3-BF4B-00C04F79EFBC}") = "CryptoVisualization", "CryptoVisualization\CryptoVisualization.csproj", "{CCE707B4-A9B3-49C8-8482-14385D7D4850}"
EndProject
Project("{FAE04EC0-301F-11D3-BF4B-00C04F79EFBC}") = "CryptoServer", "CryptoServer\CryptoServer.csproj", "{463D4EA8-8B9C-4AAF-B6E4-4520F6F3D8E1}"
EndProject
Project("{FAE04EC0-301F-11D3-BF4B-00C04F79EFBC}") = "CryptoDesktop", "CryptoDesktop\CryptoDesktop.csproj", "{21F71C90-8B65-4DDB-A5E5-8371C06F1DB2}"
EndProject
Project("{FAE04EC0-301F-11D3-BF4B-00C04F79EFBC}") = "СryptoClient", "СryptoClient\СryptoClient.csproj", "{1D249F91-EC90-47E4-9F86-A9BF165192BD}"
EndProject
Project("{FAE04EC0-301F-11D3-BF4B-00C04F79EFBC}") = "NumberTheory", "NumberTheory\NumberTheory.csproj", "{567867B5-9296-4D08-82B9-4198D865967E}"
EndProject
Project("{2150E333-8FDC-42A3-9474-1A3956D46DE8}") = "CryptoClient", "CryptoClient", "{2E77C806-7A58-47EE-AD23-C8062B51D3B1}"
EndProject
Project("{2150E333-8FDC-42A3-9474-1A3956D46DE8}") = "Domain", "Domain", "{48A11EF0-0CA3-46C4-BD1A-AF12C962F72B}"
EndProject
Project("{2150E333-8FDC-42A3-9474-1A3956D46DE8}") = "Server", "Server", "{BF4C331D-9D12-4182-B447-AF7CEB80DA45}"
EndProject
Global
	GlobalSection(SolutionConfigurationPlatforms) = preSolution
		Debug|Any CPU = Debug|Any CPU
		Release|Any CPU = Release|Any CPU
	EndGlobalSection
	GlobalSection(ProjectConfigurationPlatforms) = postSolution
		{F3F9DC33-939F-4D08-98A6-E9C0270C2332}.Debug|Any CPU.ActiveCfg = Debug|Any CPU
		{F3F9DC33-939F-4D08-98A6-E9C0270C2332}.Debug|Any CPU.Build.0 = Debug|Any CPU
		{F3F9DC33-939F-4D08-98A6-E9C0270C2332}.Release|Any CPU.ActiveCfg = Release|Any CPU
		{F3F9DC33-939F-4D08-98A6-E9C0270C2332}.Release|Any CPU.Build.0 = Release|Any CPU
		{FB65CCB4-2755-4F28-8EF3-6FBBB6A699D8}.Debug|Any CPU.ActiveCfg = Debug|Any CPU
		{FB65CCB4-2755-4F28-8EF3-6FBBB6A699D8}.Debug|Any CPU.Build.0 = Debug|Any CPU
		{FB65CCB4-2755-4F28-8EF3-6FBBB6A699D8}.Release|Any CPU.ActiveCfg = Release|Any CPU
		{FB65CCB4-2755-4F28-8EF3-6FBBB6A699D8}.Release|Any CPU.Build.0 = Release|Any CPU
		{CCE707B4-A9B3-49C8-8482-14385D7D4850}.Debug|Any CPU.ActiveCfg = Debug|Any CPU
		{CCE707B4-A9B3-49C8-8482-14385D7D4850}.Debug|Any CPU.Build.0 = Debug|Any CPU
		{CCE707B4-A9B3-49C8-8482-14385D7D4850}.Release|Any CPU.ActiveCfg = Release|Any CPU
		{CCE707B4-A9B3-49C8-8482-14385D7D4850}.Release|Any CPU.Build.0 = Release|Any CPU
		{463D4EA8-8B9C-4AAF-B6E4-4520F6F3D8E1}.Debug|Any CPU.ActiveCfg = Debug|Any CPU
		{463D4EA8-8B9C-4AAF-B6E4-4520F6F3D8E1}.Debug|Any CPU.Build.0 = Debug|Any CPU
		{463D4EA8-8B9C-4AAF-B6E4-4520F6F3D8E1}.Release|Any CPU.ActiveCfg = Release|Any CPU
		{463D4EA8-8B9C-4AAF-B6E4-4520F6F3D8E1}.Release|Any CPU.Build.0 = Release|Any CPU
		{21F71C90-8B65-4DDB-A5E5-8371C06F1DB2}.Debug|Any CPU.ActiveCfg = Debug|Any CPU
		{21F71C90-8B65-4DDB-A5E5-8371C06F1DB2}.Debug|Any CPU.Build.0 = Debug|Any CPU
		{21F71C90-8B65-4DDB-A5E5-8371C06F1DB2}.Release|Any CPU.ActiveCfg = Release|Any CPU
		{21F71C90-8B65-4DDB-A5E5-8371C06F1DB2}.Release|Any CPU.Build.0 = Release|Any CPU
		{1D249F91-EC90-47E4-9F86-A9BF165192BD}.Debug|Any CPU.ActiveCfg = Debug|Any CPU
		{1D249F91-EC90-47E4-9F86-A9BF165192BD}.Debug|Any CPU.Build.0 = Debug|Any CPU
		{1D249F91-EC90-47E4-9F86-A9BF165192BD}.Release|Any CPU.ActiveCfg = Release|Any CPU
		{1D249F91-EC90-47E4-9F86-A9BF165192BD}.Release|Any CPU.Build.0 = Release|Any CPU
		{567867B5-9296-4D08-82B9-4198D865967E}.Debug|Any CPU.ActiveCfg = Debug|Any CPU
		{567867B5-9296-4D08-82B9-4198D865967E}.Debug|Any CPU.Build.0 = Debug|Any CPU
		{567867B5-9296-4D08-82B9-4198D865967E}.Release|Any CPU.ActiveCfg = Release|Any CPU
		{567867B5-9296-4D08-82B9-4198D865967E}.Release|Any CPU.Build.0 = Release|Any CPU
	EndGlobalSection
	GlobalSection(NestedProjects) = preSolution
		{1D249F91-EC90-47E4-9F86-A9BF165192BD} = {2E77C806-7A58-47EE-AD23-C8062B51D3B1}
		{21F71C90-8B65-4DDB-A5E5-8371C06F1DB2} = {2E77C806-7A58-47EE-AD23-C8062B51D3B1}
		{F3F9DC33-939F-4D08-98A6-E9C0270C2332} = {48A11EF0-0CA3-46C4-BD1A-AF12C962F72B}
		{567867B5-9296-4D08-82B9-4198D865967E} = {48A11EF0-0CA3-46C4-BD1A-AF12C962F72B}
		{CCE707B4-A9B3-49C8-8482-14385D7D4850} = {2E77C806-7A58-47EE-AD23-C8062B51D3B1}
		{463D4EA8-8B9C-4AAF-B6E4-4520F6F3D8E1} = {BF4C331D-9D12-4182-B447-AF7CEB80DA45}
	EndGlobalSection
EndGlobal
